
Microsoft Visual Studio Solution File, Format Version 12.00
# Visual Studio Version 17
VisualStudioVersion = 17.4.33213.308
MinimumVisualStudioVersion = 10.0.40219.1
Project("{FAE04EC0-301F-11D3-BF4B-00C04F79EFBC}") = "FirstCSharpPro", "FirstCSharpPro\FirstCSharpPro.csproj", "{C86E2D3F-D8F8-4FA1-8A6A-8C7EBA72FE50}"
EndProject
Global
	GlobalSection(SolutionConfigurationPlatforms) = preSolution
		Debug|Any CPU = Debug|Any CPU
		Release|Any CPU = Release|Any CPU
	EndGlobalSection
	GlobalSection(ProjectConfigurationPlatforms) = postSolution
		{C86E2D3F-D8F8-4FA1-8A6A-8C7EBA72FE50}.Debug|Any CPU.ActiveCfg = Debug|Any CPU
		{C86E2D3F-D8F8-4FA1-8A6A-8C7EBA72FE50}.Debug|Any CPU.Build.0 = Debug|Any CPU
		{C86E2D3F-D8F8-4FA1-8A6A-8C7EBA72FE50}.Release|Any CPU.ActiveCfg = Release|Any CPU
		{C86E2D3F-D8F8-4FA1-8A6A-8C7EBA72FE50}.Release|Any CPU.Build.0 = Release|Any CPU
	EndGlobalSection
	GlobalSection(SolutionProperties) = preSolution
		HideSolutionNode = FALSE
	EndGlobalSection
	GlobalSection(ExtensibilityGlobals) = postSolution
		SolutionGuid = {0EA79CB5-92B7-4643-9626-BD4759A2C2A6}
	EndGlobalSection
EndGlobal
